
Microsoft Visual Studio Solution File, Format Version 12.00
# Visual Studio 2013
VisualStudioVersion = 12.0.31101.0
MinimumVisualStudioVersion = 10.0.40219.1
Project("{9092AA53-FB77-4645-B42D-1CCCA6BD08BD}") = "Seggu.Api", "Seggu.Api\Seggu.Api.njsproj", "{BD66E769-9460-4E41-9AAC-98ABA12391B0}"
EndProject
Global
	GlobalSection(SolutionConfigurationPlatforms) = preSolution
		Debug|Any CPU = Debug|Any CPU
		Release|Any CPU = Release|Any CPU
	EndGlobalSection
	GlobalSection(ProjectConfigurationPlatforms) = postSolution
		{BD66E769-9460-4E41-9AAC-98ABA12391B0}.Debug|Any CPU.ActiveCfg = Debug|Any CPU
		{BD66E769-9460-4E41-9AAC-98ABA12391B0}.Debug|Any CPU.Build.0 = Debug|Any CPU
		{BD66E769-9460-4E41-9AAC-98ABA12391B0}.Release|Any CPU.ActiveCfg = Release|Any CPU
		{BD66E769-9460-4E41-9AAC-98ABA12391B0}.Release|Any CPU.Build.0 = Release|Any CPU
	EndGlobalSection
	GlobalSection(SolutionProperties) = preSolution
		HideSolutionNode = FALSE
	EndGlobalSection
EndGlobal
