
Microsoft Visual Studio Solution File, Format Version 12.00
# Visual Studio 14
VisualStudioVersion = 14.0.25420.1
MinimumVisualStudioVersion = 10.0.40219.1
Project("{FAE04EC0-301F-11D3-BF4B-00C04F79EFBC}") = "Seggu.Services", "Seggu.Services\Seggu.Services.csproj", "{12BEB30D-6C15-49B1-8A97-E4EA81DAB443}"
	ProjectSection(ProjectDependencies) = postProject
		{54E69280-4B7C-483F-AE7B-E0329EA0359C} = {54E69280-4B7C-483F-AE7B-E0329EA0359C}
	EndProjectSection
EndProject
Project("{FAE04EC0-301F-11D3-BF4B-00C04F79EFBC}") = "Seggu.Services.Interfaces", "Seggu.Services.Interfaces\Seggu.Services.Interfaces.csproj", "{ED582FF0-F547-49A8-A62F-55B3F96AB02F}"
EndProject
Project("{FAE04EC0-301F-11D3-BF4B-00C04F79EFBC}") = "Seggu.Data", "Seggu.Data\Seggu.Data.csproj", "{C604FB07-487A-428D-A6C3-8967C0DDA26E}"
EndProject
Project("{FAE04EC0-301F-11D3-BF4B-00C04F79EFBC}") = "Seggu.Daos.Interfaces", "Seggu.Daos.Interfaces\Seggu.Daos.Interfaces.csproj", "{2FF36E2A-A0DA-43D8-8BCA-92F0EABFC17C}"
EndProject
Project("{FAE04EC0-301F-11D3-BF4B-00C04F79EFBC}") = "Seggu.Daos", "Seggu.Daos\Seggu.Daos.csproj", "{54E69280-4B7C-483F-AE7B-E0329EA0359C}"
EndProject
Project("{FAE04EC0-301F-11D3-BF4B-00C04F79EFBC}") = "Seggu.Dtos", "Seggu.Dtos\Seggu.Dtos.csproj", "{8B0390D7-29C8-463B-A016-B22961C634A0}"
EndProject
Project("{FAE04EC0-301F-11D3-BF4B-00C04F79EFBC}") = "Seggu.Desktop", "Seggu.Desktop\Seggu.Desktop.csproj", "{9E36B7BD-2C15-48DC-ADE6-D77A76112A85}"
EndProject
Project("{2150E333-8FDC-42A3-9474-1A3956D46DE8}") = "Backend", "Backend", "{48BC48E8-1CF0-4203-B074-B0F41F0C7362}"
EndProject
Project("{2150E333-8FDC-42A3-9474-1A3956D46DE8}") = "DataAccess", "DataAccess", "{CA4A5F1D-BC28-47D2-B3F5-50428524984B}"
EndProject
Project("{2150E333-8FDC-42A3-9474-1A3956D46DE8}") = "BusinessLogic", "BusinessLogic", "{7BDDB0B4-4935-4BF8-BA6D-49808DC36DD5}"
EndProject
Project("{2150E333-8FDC-42A3-9474-1A3956D46DE8}") = "Frontend", "Frontend", "{8565EDB0-96CB-40C7-9C04-531AD6F097E8}"
EndProject
Project("{2150E333-8FDC-42A3-9474-1A3956D46DE8}") = "Utils", "Utils", "{5DFF1ACD-88EB-456D-ADC2-BA8360CFF51F}"
EndProject
Project("{FAE04EC0-301F-11D3-BF4B-00C04F79EFBC}") = "Seggu.Helpers", "Seggu.Helpers\Seggu.Helpers.csproj", "{2C292AE3-DA51-4417-A1AD-56A4E93E418F}"
EndProject
Project("{FAE04EC0-301F-11D3-BF4B-00C04F79EFBC}") = "Seggu.Infrastructure", "Seggu.Infrastructure\Seggu.Infrastructure.csproj", "{15DE0369-C38D-47B4-85AD-56651EFB0D30}"
EndProject
Project("{2150E333-8FDC-42A3-9474-1A3956D46DE8}") = "Integration", "Integration", "{3B4A1366-E34C-41E1-B641-64323F604FBD}"
EndProject
Project("{FAE04EC0-301F-11D3-BF4B-00C04F79EFBC}") = "Seggu.Domain", "Seggu.Domain\Seggu.Domain.csproj", "{3C5E7DA4-2020-4998-A843-8CEFDBB78933}"
EndProject
Project("{2150E333-8FDC-42A3-9474-1A3956D46DE8}") = "Tests", "Tests", "{A6159589-4FB9-4EA8-8F8F-72C0310E23E3}"
EndProject
Project("{FAE04EC0-301F-11D3-BF4B-00C04F79EFBC}") = "Seggu.Tests", "Seggu.Tests\Seggu.Tests.csproj", "{FFFF2A1E-9EE0-4F74-87C3-CBF9E658DE23}"
EndProject
Project("{FAE04EC0-301F-11D3-BF4B-00C04F79EFBC}") = "Seggu.VersionManager", "Seggu.VersionManager\Seggu.VersionManager.csproj", "{07919CE6-BAF2-4B4D-99E6-88415487E056}"
EndProject
Project("{FAE04EC0-301F-11D3-BF4B-00C04F79EFBC}") = "Seggu.Service", "Seggu.Service\Seggu.Service.csproj", "{B5E1373C-8687-4220-8894-4680E6827D21}"
EndProject
Project("{2150E333-8FDC-42A3-9474-1A3956D46DE8}") = "Deploy", "Deploy", "{E9529A91-EBDD-4DF5-AB87-27C2131E4B35}"
EndProject
Project("{FAE04EC0-301F-11D3-BF4B-00C04F79EFBC}") = "Seggu.Service.Services", "Seggu.Service.Services\Seggu.Service.Services.csproj", "{2A018CE8-22CE-4947-A189-243906113079}"
EndProject
Project("{FAE04EC0-301F-11D3-BF4B-00C04F79EFBC}") = "Seggu.Service.Services.Interfaces", "Seggu.Service.Services.Interfaces\Seggu.Service.Services.Interfaces.csproj", "{BFAF01B1-0798-405D-BBB3-6280928AE802}"
EndProject
Project("{FAE04EC0-301F-11D3-BF4B-00C04F79EFBC}") = "Seggu.Service.ViewModels", "Seggu.Service.ViewModels\Seggu.Service.ViewModels.csproj", "{1BEC6BEE-D066-4A28-8EF7-E790FDF3CEF4}"
EndProject
Project("{FAE04EC0-301F-11D3-BF4B-00C04F79EFBC}") = "Seggu.Service.Tests", "Seggu.Service.Tests\Seggu.Service.Tests.csproj", "{DA590930-AA8A-45A8-82F8-3865F953D121}"
EndProject
Project("{54435603-DBB4-11D2-8724-00A0C9A8B90C}") = "Seggu.Setup", "Seggu.Setup\Seggu.Setup.vdproj", "{90371886-2EC0-4051-BA8A-F0BBC7804FF1}"
EndProject
Project("{FAE04EC0-301F-11D3-BF4B-00C04F79EFBC}") = "Seggu.Console.Tests", "Seggu.Console.Tests\Seggu.Console.Tests.csproj", "{7D097E25-0184-42D0-A55E-FD928E079E0E}"
EndProject
Project("{2150E333-8FDC-42A3-9474-1A3956D46DE8}") = "_Global", "_Global", "{FA5903DD-796A-4D26-A523-C504C262A30D}"
	ProjectSection(SolutionItems) = preProject
		GlobalAssemblyInfo.cs = GlobalAssemblyInfo.cs
	EndProjectSection
EndProject
Global
	GlobalSection(SolutionConfigurationPlatforms) = preSolution
		Debug|Any CPU = Debug|Any CPU
		Debug|Mixed Platforms = Debug|Mixed Platforms
		Debug|x86 = Debug|x86
		Release|Any CPU = Release|Any CPU
		Release|Mixed Platforms = Release|Mixed Platforms
		Release|x86 = Release|x86
		Staging|Any CPU = Staging|Any CPU
		Staging|Mixed Platforms = Staging|Mixed Platforms
		Staging|x86 = Staging|x86
	EndGlobalSection
	GlobalSection(ProjectConfigurationPlatforms) = postSolution
		{12BEB30D-6C15-49B1-8A97-E4EA81DAB443}.Debug|Any CPU.ActiveCfg = Debug|Any CPU
		{12BEB30D-6C15-49B1-8A97-E4EA81DAB443}.Debug|Any CPU.Build.0 = Debug|Any CPU
		{12BEB30D-6C15-49B1-8A97-E4EA81DAB443}.Debug|Mixed Platforms.ActiveCfg = Debug|Any CPU
		{12BEB30D-6C15-49B1-8A97-E4EA81DAB443}.Debug|Mixed Platforms.Build.0 = Debug|Any CPU
		{12BEB30D-6C15-49B1-8A97-E4EA81DAB443}.Debug|x86.ActiveCfg = Debug|Any CPU
		{12BEB30D-6C15-49B1-8A97-E4EA81DAB443}.Release|Any CPU.ActiveCfg = Release|Any CPU
		{12BEB30D-6C15-49B1-8A97-E4EA81DAB443}.Release|Any CPU.Build.0 = Release|Any CPU
		{12BEB30D-6C15-49B1-8A97-E4EA81DAB443}.Release|Mixed Platforms.ActiveCfg = Release|Any CPU
		{12BEB30D-6C15-49B1-8A97-E4EA81DAB443}.Release|Mixed Platforms.Build.0 = Release|Any CPU
		{12BEB30D-6C15-49B1-8A97-E4EA81DAB443}.Release|x86.ActiveCfg = Release|Any CPU
		{12BEB30D-6C15-49B1-8A97-E4EA81DAB443}.Staging|Any CPU.ActiveCfg = Staging|Any CPU
		{12BEB30D-6C15-49B1-8A97-E4EA81DAB443}.Staging|Any CPU.Build.0 = Staging|Any CPU
		{12BEB30D-6C15-49B1-8A97-E4EA81DAB443}.Staging|Mixed Platforms.ActiveCfg = Staging|Any CPU
		{12BEB30D-6C15-49B1-8A97-E4EA81DAB443}.Staging|Mixed Platforms.Build.0 = Staging|Any CPU
		{12BEB30D-6C15-49B1-8A97-E4EA81DAB443}.Staging|x86.ActiveCfg = Staging|Any CPU
		{12BEB30D-6C15-49B1-8A97-E4EA81DAB443}.Staging|x86.Build.0 = Staging|Any CPU
		{ED582FF0-F547-49A8-A62F-55B3F96AB02F}.Debug|Any CPU.ActiveCfg = Debug|Any CPU
		{ED582FF0-F547-49A8-A62F-55B3F96AB02F}.Debug|Any CPU.Build.0 = Debug|Any CPU
		{ED582FF0-F547-49A8-A62F-55B3F96AB02F}.Debug|Mixed Platforms.ActiveCfg = Debug|Any CPU
		{ED582FF0-F547-49A8-A62F-55B3F96AB02F}.Debug|Mixed Platforms.Build.0 = Debug|Any CPU
		{ED582FF0-F547-49A8-A62F-55B3F96AB02F}.Debug|x86.ActiveCfg = Debug|Any CPU
		{ED582FF0-F547-49A8-A62F-55B3F96AB02F}.Release|Any CPU.ActiveCfg = Release|Any CPU
		{ED582FF0-F547-49A8-A62F-55B3F96AB02F}.Release|Any CPU.Build.0 = Release|Any CPU
		{ED582FF0-F547-49A8-A62F-55B3F96AB02F}.Release|Mixed Platforms.ActiveCfg = Release|Any CPU
		{ED582FF0-F547-49A8-A62F-55B3F96AB02F}.Release|Mixed Platforms.Build.0 = Release|Any CPU
		{ED582FF0-F547-49A8-A62F-55B3F96AB02F}.Release|x86.ActiveCfg = Release|Any CPU
		{ED582FF0-F547-49A8-A62F-55B3F96AB02F}.Staging|Any CPU.ActiveCfg = Staging|Any CPU
		{ED582FF0-F547-49A8-A62F-55B3F96AB02F}.Staging|Any CPU.Build.0 = Staging|Any CPU
		{ED582FF0-F547-49A8-A62F-55B3F96AB02F}.Staging|Mixed Platforms.ActiveCfg = Staging|Any CPU
		{ED582FF0-F547-49A8-A62F-55B3F96AB02F}.Staging|Mixed Platforms.Build.0 = Staging|Any CPU
		{ED582FF0-F547-49A8-A62F-55B3F96AB02F}.Staging|x86.ActiveCfg = Staging|Any CPU
		{ED582FF0-F547-49A8-A62F-55B3F96AB02F}.Staging|x86.Build.0 = Staging|Any CPU
		{C604FB07-487A-428D-A6C3-8967C0DDA26E}.Debug|Any CPU.ActiveCfg = Debug|Any CPU
		{C604FB07-487A-428D-A6C3-8967C0DDA26E}.Debug|Any CPU.Build.0 = Debug|Any CPU
		{C604FB07-487A-428D-A6C3-8967C0DDA26E}.Debug|Mixed Platforms.ActiveCfg = Debug|Any CPU
		{C604FB07-487A-428D-A6C3-8967C0DDA26E}.Debug|Mixed Platforms.Build.0 = Debug|Any CPU
		{C604FB07-487A-428D-A6C3-8967C0DDA26E}.Debug|x86.ActiveCfg = Debug|Any CPU
		{C604FB07-487A-428D-A6C3-8967C0DDA26E}.Release|Any CPU.ActiveCfg = Release|Any CPU
		{C604FB07-487A-428D-A6C3-8967C0DDA26E}.Release|Any CPU.Build.0 = Release|Any CPU
		{C604FB07-487A-428D-A6C3-8967C0DDA26E}.Release|Mixed Platforms.ActiveCfg = Release|Any CPU
		{C604FB07-487A-428D-A6C3-8967C0DDA26E}.Release|Mixed Platforms.Build.0 = Release|Any CPU
		{C604FB07-487A-428D-A6C3-8967C0DDA26E}.Release|x86.ActiveCfg = Release|Any CPU
		{C604FB07-487A-428D-A6C3-8967C0DDA26E}.Staging|Any CPU.ActiveCfg = Staging|Any CPU
		{C604FB07-487A-428D-A6C3-8967C0DDA26E}.Staging|Any CPU.Build.0 = Staging|Any CPU
		{C604FB07-487A-428D-A6C3-8967C0DDA26E}.Staging|Mixed Platforms.ActiveCfg = Staging|Any CPU
		{C604FB07-487A-428D-A6C3-8967C0DDA26E}.Staging|Mixed Platforms.Build.0 = Staging|Any CPU
		{C604FB07-487A-428D-A6C3-8967C0DDA26E}.Staging|x86.ActiveCfg = Staging|Any CPU
		{C604FB07-487A-428D-A6C3-8967C0DDA26E}.Staging|x86.Build.0 = Staging|Any CPU
		{2FF36E2A-A0DA-43D8-8BCA-92F0EABFC17C}.Debug|Any CPU.ActiveCfg = Debug|Any CPU
		{2FF36E2A-A0DA-43D8-8BCA-92F0EABFC17C}.Debug|Any CPU.Build.0 = Debug|Any CPU
		{2FF36E2A-A0DA-43D8-8BCA-92F0EABFC17C}.Debug|Mixed Platforms.ActiveCfg = Debug|Any CPU
		{2FF36E2A-A0DA-43D8-8BCA-92F0EABFC17C}.Debug|Mixed Platforms.Build.0 = Debug|Any CPU
		{2FF36E2A-A0DA-43D8-8BCA-92F0EABFC17C}.Debug|x86.ActiveCfg = Debug|Any CPU
		{2FF36E2A-A0DA-43D8-8BCA-92F0EABFC17C}.Release|Any CPU.ActiveCfg = Release|Any CPU
		{2FF36E2A-A0DA-43D8-8BCA-92F0EABFC17C}.Release|Any CPU.Build.0 = Release|Any CPU
		{2FF36E2A-A0DA-43D8-8BCA-92F0EABFC17C}.Release|Mixed Platforms.ActiveCfg = Release|Any CPU
		{2FF36E2A-A0DA-43D8-8BCA-92F0EABFC17C}.Release|Mixed Platforms.Build.0 = Release|Any CPU
		{2FF36E2A-A0DA-43D8-8BCA-92F0EABFC17C}.Release|x86.ActiveCfg = Release|Any CPU
		{2FF36E2A-A0DA-43D8-8BCA-92F0EABFC17C}.Release|x86.Deploy.0 = Release|Any CPU
		{2FF36E2A-A0DA-43D8-8BCA-92F0EABFC17C}.Staging|Any CPU.ActiveCfg = Staging|Any CPU
		{2FF36E2A-A0DA-43D8-8BCA-92F0EABFC17C}.Staging|Any CPU.Build.0 = Staging|Any CPU
		{2FF36E2A-A0DA-43D8-8BCA-92F0EABFC17C}.Staging|Mixed Platforms.ActiveCfg = Staging|Any CPU
		{2FF36E2A-A0DA-43D8-8BCA-92F0EABFC17C}.Staging|Mixed Platforms.Build.0 = Staging|Any CPU
		{2FF36E2A-A0DA-43D8-8BCA-92F0EABFC17C}.Staging|x86.ActiveCfg = Staging|Any CPU
		{2FF36E2A-A0DA-43D8-8BCA-92F0EABFC17C}.Staging|x86.Build.0 = Staging|Any CPU
		{54E69280-4B7C-483F-AE7B-E0329EA0359C}.Debug|Any CPU.ActiveCfg = Debug|Any CPU
		{54E69280-4B7C-483F-AE7B-E0329EA0359C}.Debug|Any CPU.Build.0 = Debug|Any CPU
		{54E69280-4B7C-483F-AE7B-E0329EA0359C}.Debug|Mixed Platforms.ActiveCfg = Debug|Any CPU
		{54E69280-4B7C-483F-AE7B-E0329EA0359C}.Debug|Mixed Platforms.Build.0 = Debug|Any CPU
		{54E69280-4B7C-483F-AE7B-E0329EA0359C}.Debug|x86.ActiveCfg = Debug|Any CPU
		{54E69280-4B7C-483F-AE7B-E0329EA0359C}.Release|Any CPU.ActiveCfg = Release|Any CPU
		{54E69280-4B7C-483F-AE7B-E0329EA0359C}.Release|Any CPU.Build.0 = Release|Any CPU
		{54E69280-4B7C-483F-AE7B-E0329EA0359C}.Release|Mixed Platforms.ActiveCfg = Release|Any CPU
		{54E69280-4B7C-483F-AE7B-E0329EA0359C}.Release|Mixed Platforms.Build.0 = Release|Any CPU
		{54E69280-4B7C-483F-AE7B-E0329EA0359C}.Release|x86.ActiveCfg = Release|Any CPU
		{54E69280-4B7C-483F-AE7B-E0329EA0359C}.Staging|Any CPU.ActiveCfg = Staging|Any CPU
		{54E69280-4B7C-483F-AE7B-E0329EA0359C}.Staging|Any CPU.Build.0 = Staging|Any CPU
		{54E69280-4B7C-483F-AE7B-E0329EA0359C}.Staging|Mixed Platforms.ActiveCfg = Staging|Any CPU
		{54E69280-4B7C-483F-AE7B-E0329EA0359C}.Staging|Mixed Platforms.Build.0 = Staging|Any CPU
		{54E69280-4B7C-483F-AE7B-E0329EA0359C}.Staging|x86.ActiveCfg = Staging|Any CPU
		{54E69280-4B7C-483F-AE7B-E0329EA0359C}.Staging|x86.Build.0 = Staging|Any CPU
		{8B0390D7-29C8-463B-A016-B22961C634A0}.Debug|Any CPU.ActiveCfg = Debug|Any CPU
		{8B0390D7-29C8-463B-A016-B22961C634A0}.Debug|Any CPU.Build.0 = Debug|Any CPU
		{8B0390D7-29C8-463B-A016-B22961C634A0}.Debug|Mixed Platforms.ActiveCfg = Debug|Any CPU
		{8B0390D7-29C8-463B-A016-B22961C634A0}.Debug|Mixed Platforms.Build.0 = Debug|Any CPU
		{8B0390D7-29C8-463B-A016-B22961C634A0}.Debug|x86.ActiveCfg = Debug|Any CPU
		{8B0390D7-29C8-463B-A016-B22961C634A0}.Release|Any CPU.ActiveCfg = Release|Any CPU
		{8B0390D7-29C8-463B-A016-B22961C634A0}.Release|Any CPU.Build.0 = Release|Any CPU
		{8B0390D7-29C8-463B-A016-B22961C634A0}.Release|Mixed Platforms.ActiveCfg = Release|Any CPU
		{8B0390D7-29C8-463B-A016-B22961C634A0}.Release|Mixed Platforms.Build.0 = Release|Any CPU
		{8B0390D7-29C8-463B-A016-B22961C634A0}.Release|x86.ActiveCfg = Release|Any CPU
		{8B0390D7-29C8-463B-A016-B22961C634A0}.Staging|Any CPU.ActiveCfg = Staging|Any CPU
		{8B0390D7-29C8-463B-A016-B22961C634A0}.Staging|Any CPU.Build.0 = Staging|Any CPU
		{8B0390D7-29C8-463B-A016-B22961C634A0}.Staging|Mixed Platforms.ActiveCfg = Staging|Any CPU
		{8B0390D7-29C8-463B-A016-B22961C634A0}.Staging|Mixed Platforms.Build.0 = Staging|Any CPU
		{8B0390D7-29C8-463B-A016-B22961C634A0}.Staging|x86.ActiveCfg = Staging|Any CPU
		{8B0390D7-29C8-463B-A016-B22961C634A0}.Staging|x86.Build.0 = Staging|Any CPU
		{9E36B7BD-2C15-48DC-ADE6-D77A76112A85}.Debug|Any CPU.ActiveCfg = Debug|Any CPU
		{9E36B7BD-2C15-48DC-ADE6-D77A76112A85}.Debug|Any CPU.Build.0 = Debug|Any CPU
		{9E36B7BD-2C15-48DC-ADE6-D77A76112A85}.Debug|Mixed Platforms.ActiveCfg = Debug|Any CPU
		{9E36B7BD-2C15-48DC-ADE6-D77A76112A85}.Debug|Mixed Platforms.Build.0 = Debug|Any CPU
		{9E36B7BD-2C15-48DC-ADE6-D77A76112A85}.Debug|x86.ActiveCfg = Debug|Any CPU
		{9E36B7BD-2C15-48DC-ADE6-D77A76112A85}.Release|Any CPU.ActiveCfg = Release|Any CPU
		{9E36B7BD-2C15-48DC-ADE6-D77A76112A85}.Release|Any CPU.Build.0 = Release|Any CPU
		{9E36B7BD-2C15-48DC-ADE6-D77A76112A85}.Release|Mixed Platforms.ActiveCfg = Release|Any CPU
		{9E36B7BD-2C15-48DC-ADE6-D77A76112A85}.Release|Mixed Platforms.Build.0 = Release|Any CPU
		{9E36B7BD-2C15-48DC-ADE6-D77A76112A85}.Release|x86.ActiveCfg = Release|x86
		{9E36B7BD-2C15-48DC-ADE6-D77A76112A85}.Release|x86.Build.0 = Release|x86
		{9E36B7BD-2C15-48DC-ADE6-D77A76112A85}.Staging|Any CPU.ActiveCfg = Staging|Any CPU
		{9E36B7BD-2C15-48DC-ADE6-D77A76112A85}.Staging|Any CPU.Build.0 = Staging|Any CPU
		{9E36B7BD-2C15-48DC-ADE6-D77A76112A85}.Staging|Mixed Platforms.ActiveCfg = Staging|x86
		{9E36B7BD-2C15-48DC-ADE6-D77A76112A85}.Staging|Mixed Platforms.Build.0 = Staging|x86
		{9E36B7BD-2C15-48DC-ADE6-D77A76112A85}.Staging|x86.ActiveCfg = Staging|x86
		{9E36B7BD-2C15-48DC-ADE6-D77A76112A85}.Staging|x86.Build.0 = Staging|x86
		{2C292AE3-DA51-4417-A1AD-56A4E93E418F}.Debug|Any CPU.ActiveCfg = Debug|Any CPU
		{2C292AE3-DA51-4417-A1AD-56A4E93E418F}.Debug|Any CPU.Build.0 = Debug|Any CPU
		{2C292AE3-DA51-4417-A1AD-56A4E93E418F}.Debug|Mixed Platforms.ActiveCfg = Debug|Any CPU
		{2C292AE3-DA51-4417-A1AD-56A4E93E418F}.Debug|Mixed Platforms.Build.0 = Debug|Any CPU
		{2C292AE3-DA51-4417-A1AD-56A4E93E418F}.Debug|x86.ActiveCfg = Debug|Any CPU
		{2C292AE3-DA51-4417-A1AD-56A4E93E418F}.Release|Any CPU.ActiveCfg = Release|Any CPU
		{2C292AE3-DA51-4417-A1AD-56A4E93E418F}.Release|Any CPU.Build.0 = Release|Any CPU
		{2C292AE3-DA51-4417-A1AD-56A4E93E418F}.Release|Mixed Platforms.ActiveCfg = Release|Any CPU
		{2C292AE3-DA51-4417-A1AD-56A4E93E418F}.Release|Mixed Platforms.Build.0 = Release|Any CPU
		{2C292AE3-DA51-4417-A1AD-56A4E93E418F}.Release|x86.ActiveCfg = Release|Any CPU
		{2C292AE3-DA51-4417-A1AD-56A4E93E418F}.Staging|Any CPU.ActiveCfg = Staging|Any CPU
		{2C292AE3-DA51-4417-A1AD-56A4E93E418F}.Staging|Any CPU.Build.0 = Staging|Any CPU
		{2C292AE3-DA51-4417-A1AD-56A4E93E418F}.Staging|Mixed Platforms.ActiveCfg = Staging|Any CPU
		{2C292AE3-DA51-4417-A1AD-56A4E93E418F}.Staging|Mixed Platforms.Build.0 = Staging|Any CPU
		{2C292AE3-DA51-4417-A1AD-56A4E93E418F}.Staging|x86.ActiveCfg = Staging|Any CPU
		{2C292AE3-DA51-4417-A1AD-56A4E93E418F}.Staging|x86.Build.0 = Staging|Any CPU
		{15DE0369-C38D-47B4-85AD-56651EFB0D30}.Debug|Any CPU.ActiveCfg = Debug|Any CPU
		{15DE0369-C38D-47B4-85AD-56651EFB0D30}.Debug|Any CPU.Build.0 = Debug|Any CPU
		{15DE0369-C38D-47B4-85AD-56651EFB0D30}.Debug|Mixed Platforms.ActiveCfg = Debug|Any CPU
		{15DE0369-C38D-47B4-85AD-56651EFB0D30}.Debug|Mixed Platforms.Build.0 = Debug|Any CPU
		{15DE0369-C38D-47B4-85AD-56651EFB0D30}.Debug|x86.ActiveCfg = Debug|Any CPU
		{15DE0369-C38D-47B4-85AD-56651EFB0D30}.Release|Any CPU.ActiveCfg = Release|Any CPU
		{15DE0369-C38D-47B4-85AD-56651EFB0D30}.Release|Any CPU.Build.0 = Release|Any CPU
		{15DE0369-C38D-47B4-85AD-56651EFB0D30}.Release|Mixed Platforms.ActiveCfg = Release|Any CPU
		{15DE0369-C38D-47B4-85AD-56651EFB0D30}.Release|Mixed Platforms.Build.0 = Release|Any CPU
		{15DE0369-C38D-47B4-85AD-56651EFB0D30}.Release|x86.ActiveCfg = Release|Any CPU
		{15DE0369-C38D-47B4-85AD-56651EFB0D30}.Staging|Any CPU.ActiveCfg = Staging|Any CPU
		{15DE0369-C38D-47B4-85AD-56651EFB0D30}.Staging|Any CPU.Build.0 = Staging|Any CPU
		{15DE0369-C38D-47B4-85AD-56651EFB0D30}.Staging|Mixed Platforms.ActiveCfg = Staging|Any CPU
		{15DE0369-C38D-47B4-85AD-56651EFB0D30}.Staging|Mixed Platforms.Build.0 = Staging|Any CPU
		{15DE0369-C38D-47B4-85AD-56651EFB0D30}.Staging|x86.ActiveCfg = Staging|Any CPU
		{15DE0369-C38D-47B4-85AD-56651EFB0D30}.Staging|x86.Build.0 = Staging|Any CPU
		{3C5E7DA4-2020-4998-A843-8CEFDBB78933}.Debug|Any CPU.ActiveCfg = Debug|Any CPU
		{3C5E7DA4-2020-4998-A843-8CEFDBB78933}.Debug|Any CPU.Build.0 = Debug|Any CPU
		{3C5E7DA4-2020-4998-A843-8CEFDBB78933}.Debug|Mixed Platforms.ActiveCfg = Debug|Any CPU
		{3C5E7DA4-2020-4998-A843-8CEFDBB78933}.Debug|Mixed Platforms.Build.0 = Debug|Any CPU
		{3C5E7DA4-2020-4998-A843-8CEFDBB78933}.Debug|x86.ActiveCfg = Debug|Any CPU
		{3C5E7DA4-2020-4998-A843-8CEFDBB78933}.Release|Any CPU.ActiveCfg = Release|Any CPU
		{3C5E7DA4-2020-4998-A843-8CEFDBB78933}.Release|Any CPU.Build.0 = Release|Any CPU
		{3C5E7DA4-2020-4998-A843-8CEFDBB78933}.Release|Mixed Platforms.ActiveCfg = Release|Any CPU
		{3C5E7DA4-2020-4998-A843-8CEFDBB78933}.Release|Mixed Platforms.Build.0 = Release|Any CPU
		{3C5E7DA4-2020-4998-A843-8CEFDBB78933}.Release|x86.ActiveCfg = Release|Any CPU
		{3C5E7DA4-2020-4998-A843-8CEFDBB78933}.Staging|Any CPU.ActiveCfg = Staging|Any CPU
		{3C5E7DA4-2020-4998-A843-8CEFDBB78933}.Staging|Any CPU.Build.0 = Staging|Any CPU
		{3C5E7DA4-2020-4998-A843-8CEFDBB78933}.Staging|Mixed Platforms.ActiveCfg = Staging|Any CPU
		{3C5E7DA4-2020-4998-A843-8CEFDBB78933}.Staging|Mixed Platforms.Build.0 = Staging|Any CPU
		{3C5E7DA4-2020-4998-A843-8CEFDBB78933}.Staging|x86.ActiveCfg = Staging|Any CPU
		{3C5E7DA4-2020-4998-A843-8CEFDBB78933}.Staging|x86.Build.0 = Staging|Any CPU
		{FFFF2A1E-9EE0-4F74-87C3-CBF9E658DE23}.Debug|Any CPU.ActiveCfg = Debug|Any CPU
		{FFFF2A1E-9EE0-4F74-87C3-CBF9E658DE23}.Debug|Any CPU.Build.0 = Debug|Any CPU
		{FFFF2A1E-9EE0-4F74-87C3-CBF9E658DE23}.Debug|Mixed Platforms.ActiveCfg = Debug|Any CPU
		{FFFF2A1E-9EE0-4F74-87C3-CBF9E658DE23}.Debug|Mixed Platforms.Build.0 = Debug|Any CPU
		{FFFF2A1E-9EE0-4F74-87C3-CBF9E658DE23}.Debug|x86.ActiveCfg = Debug|Any CPU
		{FFFF2A1E-9EE0-4F74-87C3-CBF9E658DE23}.Release|Any CPU.ActiveCfg = Release|Any CPU
		{FFFF2A1E-9EE0-4F74-87C3-CBF9E658DE23}.Release|Any CPU.Build.0 = Release|Any CPU
		{FFFF2A1E-9EE0-4F74-87C3-CBF9E658DE23}.Release|Mixed Platforms.ActiveCfg = Release|Any CPU
		{FFFF2A1E-9EE0-4F74-87C3-CBF9E658DE23}.Release|Mixed Platforms.Build.0 = Release|Any CPU
		{FFFF2A1E-9EE0-4F74-87C3-CBF9E658DE23}.Release|x86.ActiveCfg = Release|Any CPU
		{FFFF2A1E-9EE0-4F74-87C3-CBF9E658DE23}.Staging|Any CPU.ActiveCfg = Staging|Any CPU
		{FFFF2A1E-9EE0-4F74-87C3-CBF9E658DE23}.Staging|Any CPU.Build.0 = Staging|Any CPU
		{FFFF2A1E-9EE0-4F74-87C3-CBF9E658DE23}.Staging|Mixed Platforms.ActiveCfg = Staging|Any CPU
		{FFFF2A1E-9EE0-4F74-87C3-CBF9E658DE23}.Staging|Mixed Platforms.Build.0 = Staging|Any CPU
		{FFFF2A1E-9EE0-4F74-87C3-CBF9E658DE23}.Staging|x86.ActiveCfg = Staging|Any CPU
		{FFFF2A1E-9EE0-4F74-87C3-CBF9E658DE23}.Staging|x86.Build.0 = Staging|Any CPU
		{07919CE6-BAF2-4B4D-99E6-88415487E056}.Debug|Any CPU.ActiveCfg = Debug|Any CPU
		{07919CE6-BAF2-4B4D-99E6-88415487E056}.Debug|Any CPU.Build.0 = Debug|Any CPU
		{07919CE6-BAF2-4B4D-99E6-88415487E056}.Debug|Mixed Platforms.ActiveCfg = Debug|Any CPU
		{07919CE6-BAF2-4B4D-99E6-88415487E056}.Debug|Mixed Platforms.Build.0 = Debug|Any CPU
		{07919CE6-BAF2-4B4D-99E6-88415487E056}.Debug|x86.ActiveCfg = Debug|Any CPU
		{07919CE6-BAF2-4B4D-99E6-88415487E056}.Release|Any CPU.ActiveCfg = Release|Any CPU
		{07919CE6-BAF2-4B4D-99E6-88415487E056}.Release|Any CPU.Build.0 = Release|Any CPU
		{07919CE6-BAF2-4B4D-99E6-88415487E056}.Release|Mixed Platforms.ActiveCfg = Release|Any CPU
		{07919CE6-BAF2-4B4D-99E6-88415487E056}.Release|Mixed Platforms.Build.0 = Release|Any CPU
		{07919CE6-BAF2-4B4D-99E6-88415487E056}.Release|x86.ActiveCfg = Release|Any CPU
		{07919CE6-BAF2-4B4D-99E6-88415487E056}.Staging|Any CPU.ActiveCfg = Staging|Any CPU
		{07919CE6-BAF2-4B4D-99E6-88415487E056}.Staging|Any CPU.Build.0 = Staging|Any CPU
		{07919CE6-BAF2-4B4D-99E6-88415487E056}.Staging|Mixed Platforms.ActiveCfg = Staging|Any CPU
		{07919CE6-BAF2-4B4D-99E6-88415487E056}.Staging|Mixed Platforms.Build.0 = Staging|Any CPU
		{07919CE6-BAF2-4B4D-99E6-88415487E056}.Staging|x86.ActiveCfg = Staging|Any CPU
		{07919CE6-BAF2-4B4D-99E6-88415487E056}.Staging|x86.Build.0 = Staging|Any CPU
		{B5E1373C-8687-4220-8894-4680E6827D21}.Debug|Any CPU.ActiveCfg = Debug|Any CPU
		{B5E1373C-8687-4220-8894-4680E6827D21}.Debug|Any CPU.Build.0 = Debug|Any CPU
		{B5E1373C-8687-4220-8894-4680E6827D21}.Debug|Mixed Platforms.ActiveCfg = Debug|Any CPU
		{B5E1373C-8687-4220-8894-4680E6827D21}.Debug|Mixed Platforms.Build.0 = Debug|Any CPU
		{B5E1373C-8687-4220-8894-4680E6827D21}.Debug|x86.ActiveCfg = Debug|Any CPU
		{B5E1373C-8687-4220-8894-4680E6827D21}.Release|Any CPU.ActiveCfg = Release|Any CPU
		{B5E1373C-8687-4220-8894-4680E6827D21}.Release|Any CPU.Build.0 = Release|Any CPU
		{B5E1373C-8687-4220-8894-4680E6827D21}.Release|Mixed Platforms.ActiveCfg = Release|Any CPU
		{B5E1373C-8687-4220-8894-4680E6827D21}.Release|Mixed Platforms.Build.0 = Release|Any CPU
		{B5E1373C-8687-4220-8894-4680E6827D21}.Release|x86.ActiveCfg = Release|Any CPU
		{B5E1373C-8687-4220-8894-4680E6827D21}.Staging|Any CPU.ActiveCfg = Staging|Any CPU
		{B5E1373C-8687-4220-8894-4680E6827D21}.Staging|Any CPU.Build.0 = Staging|Any CPU
		{B5E1373C-8687-4220-8894-4680E6827D21}.Staging|Mixed Platforms.ActiveCfg = Staging|Any CPU
		{B5E1373C-8687-4220-8894-4680E6827D21}.Staging|Mixed Platforms.Build.0 = Staging|Any CPU
		{B5E1373C-8687-4220-8894-4680E6827D21}.Staging|x86.ActiveCfg = Staging|Any CPU
		{B5E1373C-8687-4220-8894-4680E6827D21}.Staging|x86.Build.0 = Staging|Any CPU
		{2A018CE8-22CE-4947-A189-243906113079}.Debug|Any CPU.ActiveCfg = Debug|Any CPU
		{2A018CE8-22CE-4947-A189-243906113079}.Debug|Any CPU.Build.0 = Debug|Any CPU
		{2A018CE8-22CE-4947-A189-243906113079}.Debug|Mixed Platforms.ActiveCfg = Debug|Any CPU
		{2A018CE8-22CE-4947-A189-243906113079}.Debug|Mixed Platforms.Build.0 = Debug|Any CPU
		{2A018CE8-22CE-4947-A189-243906113079}.Debug|x86.ActiveCfg = Debug|Any CPU
		{2A018CE8-22CE-4947-A189-243906113079}.Debug|x86.Build.0 = Debug|Any CPU
		{2A018CE8-22CE-4947-A189-243906113079}.Release|Any CPU.ActiveCfg = Release|Any CPU
		{2A018CE8-22CE-4947-A189-243906113079}.Release|Any CPU.Build.0 = Release|Any CPU
		{2A018CE8-22CE-4947-A189-243906113079}.Release|Mixed Platforms.ActiveCfg = Release|Any CPU
		{2A018CE8-22CE-4947-A189-243906113079}.Release|Mixed Platforms.Build.0 = Release|Any CPU
		{2A018CE8-22CE-4947-A189-243906113079}.Release|x86.ActiveCfg = Release|Any CPU
		{2A018CE8-22CE-4947-A189-243906113079}.Release|x86.Build.0 = Release|Any CPU
		{2A018CE8-22CE-4947-A189-243906113079}.Staging|Any CPU.ActiveCfg = Staging|Any CPU
		{2A018CE8-22CE-4947-A189-243906113079}.Staging|Any CPU.Build.0 = Staging|Any CPU
		{2A018CE8-22CE-4947-A189-243906113079}.Staging|Mixed Platforms.ActiveCfg = Staging|Any CPU
		{2A018CE8-22CE-4947-A189-243906113079}.Staging|Mixed Platforms.Build.0 = Staging|Any CPU
		{2A018CE8-22CE-4947-A189-243906113079}.Staging|x86.ActiveCfg = Staging|Any CPU
		{2A018CE8-22CE-4947-A189-243906113079}.Staging|x86.Build.0 = Staging|Any CPU
		{BFAF01B1-0798-405D-BBB3-6280928AE802}.Debug|Any CPU.ActiveCfg = Debug|Any CPU
		{BFAF01B1-0798-405D-BBB3-6280928AE802}.Debug|Any CPU.Build.0 = Debug|Any CPU
		{BFAF01B1-0798-405D-BBB3-6280928AE802}.Debug|Mixed Platforms.ActiveCfg = Debug|Any CPU
		{BFAF01B1-0798-405D-BBB3-6280928AE802}.Debug|Mixed Platforms.Build.0 = Debug|Any CPU
		{BFAF01B1-0798-405D-BBB3-6280928AE802}.Debug|x86.ActiveCfg = Debug|Any CPU
		{BFAF01B1-0798-405D-BBB3-6280928AE802}.Debug|x86.Build.0 = Debug|Any CPU
		{BFAF01B1-0798-405D-BBB3-6280928AE802}.Release|Any CPU.ActiveCfg = Release|Any CPU
		{BFAF01B1-0798-405D-BBB3-6280928AE802}.Release|Any CPU.Build.0 = Release|Any CPU
		{BFAF01B1-0798-405D-BBB3-6280928AE802}.Release|Mixed Platforms.ActiveCfg = Release|Any CPU
		{BFAF01B1-0798-405D-BBB3-6280928AE802}.Release|Mixed Platforms.Build.0 = Release|Any CPU
		{BFAF01B1-0798-405D-BBB3-6280928AE802}.Release|x86.ActiveCfg = Release|Any CPU
		{BFAF01B1-0798-405D-BBB3-6280928AE802}.Release|x86.Build.0 = Release|Any CPU
		{BFAF01B1-0798-405D-BBB3-6280928AE802}.Staging|Any CPU.ActiveCfg = Staging|Any CPU
		{BFAF01B1-0798-405D-BBB3-6280928AE802}.Staging|Any CPU.Build.0 = Staging|Any CPU
		{BFAF01B1-0798-405D-BBB3-6280928AE802}.Staging|Mixed Platforms.ActiveCfg = Staging|Any CPU
		{BFAF01B1-0798-405D-BBB3-6280928AE802}.Staging|Mixed Platforms.Build.0 = Staging|Any CPU
		{BFAF01B1-0798-405D-BBB3-6280928AE802}.Staging|x86.ActiveCfg = Staging|Any CPU
		{BFAF01B1-0798-405D-BBB3-6280928AE802}.Staging|x86.Build.0 = Staging|Any CPU
		{1BEC6BEE-D066-4A28-8EF7-E790FDF3CEF4}.Debug|Any CPU.ActiveCfg = Debug|Any CPU
		{1BEC6BEE-D066-4A28-8EF7-E790FDF3CEF4}.Debug|Any CPU.Build.0 = Debug|Any CPU
		{1BEC6BEE-D066-4A28-8EF7-E790FDF3CEF4}.Debug|Mixed Platforms.ActiveCfg = Debug|Any CPU
		{1BEC6BEE-D066-4A28-8EF7-E790FDF3CEF4}.Debug|Mixed Platforms.Build.0 = Debug|Any CPU
		{1BEC6BEE-D066-4A28-8EF7-E790FDF3CEF4}.Debug|x86.ActiveCfg = Debug|Any CPU
		{1BEC6BEE-D066-4A28-8EF7-E790FDF3CEF4}.Debug|x86.Build.0 = Debug|Any CPU
		{1BEC6BEE-D066-4A28-8EF7-E790FDF3CEF4}.Release|Any CPU.ActiveCfg = Release|Any CPU
		{1BEC6BEE-D066-4A28-8EF7-E790FDF3CEF4}.Release|Any CPU.Build.0 = Release|Any CPU
		{1BEC6BEE-D066-4A28-8EF7-E790FDF3CEF4}.Release|Mixed Platforms.ActiveCfg = Release|Any CPU
		{1BEC6BEE-D066-4A28-8EF7-E790FDF3CEF4}.Release|Mixed Platforms.Build.0 = Release|Any CPU
		{1BEC6BEE-D066-4A28-8EF7-E790FDF3CEF4}.Release|x86.ActiveCfg = Release|Any CPU
		{1BEC6BEE-D066-4A28-8EF7-E790FDF3CEF4}.Release|x86.Build.0 = Release|Any CPU
		{1BEC6BEE-D066-4A28-8EF7-E790FDF3CEF4}.Staging|Any CPU.ActiveCfg = Staging|Any CPU
		{1BEC6BEE-D066-4A28-8EF7-E790FDF3CEF4}.Staging|Any CPU.Build.0 = Staging|Any CPU
		{1BEC6BEE-D066-4A28-8EF7-E790FDF3CEF4}.Staging|Mixed Platforms.ActiveCfg = Staging|Any CPU
		{1BEC6BEE-D066-4A28-8EF7-E790FDF3CEF4}.Staging|Mixed Platforms.Build.0 = Staging|Any CPU
		{1BEC6BEE-D066-4A28-8EF7-E790FDF3CEF4}.Staging|x86.ActiveCfg = Staging|Any CPU
		{1BEC6BEE-D066-4A28-8EF7-E790FDF3CEF4}.Staging|x86.Build.0 = Staging|Any CPU
		{DA590930-AA8A-45A8-82F8-3865F953D121}.Debug|Any CPU.ActiveCfg = Debug|Any CPU
		{DA590930-AA8A-45A8-82F8-3865F953D121}.Debug|Any CPU.Build.0 = Debug|Any CPU
		{DA590930-AA8A-45A8-82F8-3865F953D121}.Debug|Mixed Platforms.ActiveCfg = Debug|Any CPU
		{DA590930-AA8A-45A8-82F8-3865F953D121}.Debug|Mixed Platforms.Build.0 = Debug|Any CPU
		{DA590930-AA8A-45A8-82F8-3865F953D121}.Debug|x86.ActiveCfg = Debug|Any CPU
		{DA590930-AA8A-45A8-82F8-3865F953D121}.Debug|x86.Build.0 = Debug|Any CPU
		{DA590930-AA8A-45A8-82F8-3865F953D121}.Release|Any CPU.ActiveCfg = Release|Any CPU
		{DA590930-AA8A-45A8-82F8-3865F953D121}.Release|Any CPU.Build.0 = Release|Any CPU
		{DA590930-AA8A-45A8-82F8-3865F953D121}.Release|Mixed Platforms.ActiveCfg = Release|Any CPU
		{DA590930-AA8A-45A8-82F8-3865F953D121}.Release|Mixed Platforms.Build.0 = Release|Any CPU
		{DA590930-AA8A-45A8-82F8-3865F953D121}.Release|x86.ActiveCfg = Release|Any CPU
		{DA590930-AA8A-45A8-82F8-3865F953D121}.Release|x86.Build.0 = Release|Any CPU
		{DA590930-AA8A-45A8-82F8-3865F953D121}.Staging|Any CPU.ActiveCfg = Staging|Any CPU
		{DA590930-AA8A-45A8-82F8-3865F953D121}.Staging|Any CPU.Build.0 = Staging|Any CPU
		{DA590930-AA8A-45A8-82F8-3865F953D121}.Staging|Mixed Platforms.ActiveCfg = Staging|Any CPU
		{DA590930-AA8A-45A8-82F8-3865F953D121}.Staging|Mixed Platforms.Build.0 = Staging|Any CPU
		{DA590930-AA8A-45A8-82F8-3865F953D121}.Staging|x86.ActiveCfg = Staging|Any CPU
		{DA590930-AA8A-45A8-82F8-3865F953D121}.Staging|x86.Build.0 = Staging|Any CPU
		{90371886-2EC0-4051-BA8A-F0BBC7804FF1}.Debug|Any CPU.ActiveCfg = Debug
		{90371886-2EC0-4051-BA8A-F0BBC7804FF1}.Debug|Any CPU.Build.0 = Debug
		{90371886-2EC0-4051-BA8A-F0BBC7804FF1}.Debug|Mixed Platforms.ActiveCfg = Debug
		{90371886-2EC0-4051-BA8A-F0BBC7804FF1}.Debug|x86.ActiveCfg = Debug
		{90371886-2EC0-4051-BA8A-F0BBC7804FF1}.Debug|x86.Build.0 = Debug
		{90371886-2EC0-4051-BA8A-F0BBC7804FF1}.Release|Any CPU.ActiveCfg = Release
		{90371886-2EC0-4051-BA8A-F0BBC7804FF1}.Release|Any CPU.Build.0 = Release
		{90371886-2EC0-4051-BA8A-F0BBC7804FF1}.Release|Mixed Platforms.ActiveCfg = Release
		{90371886-2EC0-4051-BA8A-F0BBC7804FF1}.Release|x86.ActiveCfg = Release
		{90371886-2EC0-4051-BA8A-F0BBC7804FF1}.Release|x86.Build.0 = Release
		{90371886-2EC0-4051-BA8A-F0BBC7804FF1}.Staging|Any CPU.ActiveCfg = Release
		{90371886-2EC0-4051-BA8A-F0BBC7804FF1}.Staging|Mixed Platforms.ActiveCfg = Release
		{90371886-2EC0-4051-BA8A-F0BBC7804FF1}.Staging|x86.ActiveCfg = Release
		{7D097E25-0184-42D0-A55E-FD928E079E0E}.Debug|Any CPU.ActiveCfg = Debug|Any CPU
		{7D097E25-0184-42D0-A55E-FD928E079E0E}.Debug|Any CPU.Build.0 = Debug|Any CPU
		{7D097E25-0184-42D0-A55E-FD928E079E0E}.Debug|Mixed Platforms.ActiveCfg = Debug|Any CPU
		{7D097E25-0184-42D0-A55E-FD928E079E0E}.Debug|Mixed Platforms.Build.0 = Debug|Any CPU
		{7D097E25-0184-42D0-A55E-FD928E079E0E}.Debug|x86.ActiveCfg = Debug|Any CPU
		{7D097E25-0184-42D0-A55E-FD928E079E0E}.Debug|x86.Build.0 = Debug|Any CPU
		{7D097E25-0184-42D0-A55E-FD928E079E0E}.Release|Any CPU.ActiveCfg = Release|Any CPU
		{7D097E25-0184-42D0-A55E-FD928E079E0E}.Release|Any CPU.Build.0 = Release|Any CPU
		{7D097E25-0184-42D0-A55E-FD928E079E0E}.Release|Mixed Platforms.ActiveCfg = Release|Any CPU
		{7D097E25-0184-42D0-A55E-FD928E079E0E}.Release|Mixed Platforms.Build.0 = Release|Any CPU
		{7D097E25-0184-42D0-A55E-FD928E079E0E}.Release|x86.ActiveCfg = Release|Any CPU
		{7D097E25-0184-42D0-A55E-FD928E079E0E}.Release|x86.Build.0 = Release|Any CPU
		{7D097E25-0184-42D0-A55E-FD928E079E0E}.Staging|Any CPU.ActiveCfg = Staging|Any CPU
		{7D097E25-0184-42D0-A55E-FD928E079E0E}.Staging|Any CPU.Build.0 = Staging|Any CPU
		{7D097E25-0184-42D0-A55E-FD928E079E0E}.Staging|Mixed Platforms.ActiveCfg = Staging|Any CPU
		{7D097E25-0184-42D0-A55E-FD928E079E0E}.Staging|Mixed Platforms.Build.0 = Staging|Any CPU
		{7D097E25-0184-42D0-A55E-FD928E079E0E}.Staging|x86.ActiveCfg = Staging|Any CPU
		{7D097E25-0184-42D0-A55E-FD928E079E0E}.Staging|x86.Build.0 = Staging|Any CPU
	EndGlobalSection
	GlobalSection(SolutionProperties) = preSolution
		HideSolutionNode = FALSE
	EndGlobalSection
	GlobalSection(NestedProjects) = preSolution
		{12BEB30D-6C15-49B1-8A97-E4EA81DAB443} = {7BDDB0B4-4935-4BF8-BA6D-49808DC36DD5}
		{ED582FF0-F547-49A8-A62F-55B3F96AB02F} = {7BDDB0B4-4935-4BF8-BA6D-49808DC36DD5}
		{C604FB07-487A-428D-A6C3-8967C0DDA26E} = {CA4A5F1D-BC28-47D2-B3F5-50428524984B}
		{2FF36E2A-A0DA-43D8-8BCA-92F0EABFC17C} = {CA4A5F1D-BC28-47D2-B3F5-50428524984B}
		{54E69280-4B7C-483F-AE7B-E0329EA0359C} = {CA4A5F1D-BC28-47D2-B3F5-50428524984B}
		{8B0390D7-29C8-463B-A016-B22961C634A0} = {7BDDB0B4-4935-4BF8-BA6D-49808DC36DD5}
		{9E36B7BD-2C15-48DC-ADE6-D77A76112A85} = {8565EDB0-96CB-40C7-9C04-531AD6F097E8}
		{CA4A5F1D-BC28-47D2-B3F5-50428524984B} = {48BC48E8-1CF0-4203-B074-B0F41F0C7362}
		{7BDDB0B4-4935-4BF8-BA6D-49808DC36DD5} = {48BC48E8-1CF0-4203-B074-B0F41F0C7362}
		{2C292AE3-DA51-4417-A1AD-56A4E93E418F} = {5DFF1ACD-88EB-456D-ADC2-BA8360CFF51F}
		{15DE0369-C38D-47B4-85AD-56651EFB0D30} = {3B4A1366-E34C-41E1-B641-64323F604FBD}
		{3B4A1366-E34C-41E1-B641-64323F604FBD} = {48BC48E8-1CF0-4203-B074-B0F41F0C7362}
		{3C5E7DA4-2020-4998-A843-8CEFDBB78933} = {CA4A5F1D-BC28-47D2-B3F5-50428524984B}
		{FFFF2A1E-9EE0-4F74-87C3-CBF9E658DE23} = {A6159589-4FB9-4EA8-8F8F-72C0310E23E3}
		{07919CE6-BAF2-4B4D-99E6-88415487E056} = {3B4A1366-E34C-41E1-B641-64323F604FBD}
		{B5E1373C-8687-4220-8894-4680E6827D21} = {8565EDB0-96CB-40C7-9C04-531AD6F097E8}
		{2A018CE8-22CE-4947-A189-243906113079} = {7BDDB0B4-4935-4BF8-BA6D-49808DC36DD5}
		{BFAF01B1-0798-405D-BBB3-6280928AE802} = {7BDDB0B4-4935-4BF8-BA6D-49808DC36DD5}
		{1BEC6BEE-D066-4A28-8EF7-E790FDF3CEF4} = {7BDDB0B4-4935-4BF8-BA6D-49808DC36DD5}
		{DA590930-AA8A-45A8-82F8-3865F953D121} = {A6159589-4FB9-4EA8-8F8F-72C0310E23E3}
		{90371886-2EC0-4051-BA8A-F0BBC7804FF1} = {E9529A91-EBDD-4DF5-AB87-27C2131E4B35}
		{7D097E25-0184-42D0-A55E-FD928E079E0E} = {A6159589-4FB9-4EA8-8F8F-72C0310E23E3}
	EndGlobalSection
	GlobalSection(ExtensibilityGlobals) = postSolution
		EnterpriseLibraryConfigurationToolBinariesPath = packages\Unity.2.1.505.2\lib\NET35
	EndGlobalSection
EndGlobal
